
Microsoft Visual Studio Solution File, Format Version 12.00
# Visual Studio Version 17
VisualStudioVersion = 17.9.34728.123
MinimumVisualStudioVersion = 10.0.40219.1
Project("{FAE04EC0-301F-11D3-BF4B-00C04F79EFBC}") = "Assignment1", "Assignment1\Assignment1.csproj", "{654D1428-53B6-4159-90C8-9B190604295D}"
EndProject
Global
	GlobalSection(SolutionConfigurationPlatforms) = preSolution
		Debug|Any CPU = Debug|Any CPU
		Release|Any CPU = Release|Any CPU
	EndGlobalSection
	GlobalSection(ProjectConfigurationPlatforms) = postSolution
		{654D1428-53B6-4159-90C8-9B190604295D}.Debug|Any CPU.ActiveCfg = Debug|Any CPU
		{654D1428-53B6-4159-90C8-9B190604295D}.Debug|Any CPU.Build.0 = Debug|Any CPU
		{654D1428-53B6-4159-90C8-9B190604295D}.Release|Any CPU.ActiveCfg = Release|Any CPU
		{654D1428-53B6-4159-90C8-9B190604295D}.Release|Any CPU.Build.0 = Release|Any CPU
	EndGlobalSection
	GlobalSection(SolutionProperties) = preSolution
		HideSolutionNode = FALSE
	EndGlobalSection
	GlobalSection(ExtensibilityGlobals) = postSolution
		SolutionGuid = {F8E366CD-E9EA-4A79-938E-5C9066D2F4A7}
	EndGlobalSection
EndGlobal
